
Microsoft Visual Studio Solution File, Format Version 12.00
# Visual Studio Version 16
VisualStudioVersion = 16.0.31624.102
MinimumVisualStudioVersion = 10.0.40219.1
Project("{9A19103F-16F7-4668-BE54-9A1E7A4F7556}") = "GestionDesStagesTB.Server", "GestionDesStagesTB\Server\GestionDesStagesTB.Server.csproj", "{2C9BF02A-C502-4109-83CA-84CFEBB3A429}"
EndProject
Project("{9A19103F-16F7-4668-BE54-9A1E7A4F7556}") = "GestionDesStagesTB.Client", "GestionDesStagesTB\Client\GestionDesStagesTB.Client.csproj", "{C898DC90-4E64-413D-B239-6C7F68911EA3}"
EndProject
Project("{9A19103F-16F7-4668-BE54-9A1E7A4F7556}") = "GestionDesStagesTB.Shared", "GestionDesStagesTB\Shared\GestionDesStagesTB.Shared.csproj", "{A61BA2B2-96BE-4C02-AD28-72165B5AD3CF}"
EndProject
Global
	GlobalSection(SolutionConfigurationPlatforms) = preSolution
		Debug|Any CPU = Debug|Any CPU
		Release|Any CPU = Release|Any CPU
	EndGlobalSection
	GlobalSection(ProjectConfigurationPlatforms) = postSolution
		{2C9BF02A-C502-4109-83CA-84CFEBB3A429}.Debug|Any CPU.ActiveCfg = Debug|Any CPU
		{2C9BF02A-C502-4109-83CA-84CFEBB3A429}.Debug|Any CPU.Build.0 = Debug|Any CPU
		{2C9BF02A-C502-4109-83CA-84CFEBB3A429}.Release|Any CPU.ActiveCfg = Release|Any CPU
		{2C9BF02A-C502-4109-83CA-84CFEBB3A429}.Release|Any CPU.Build.0 = Release|Any CPU
		{C898DC90-4E64-413D-B239-6C7F68911EA3}.Debug|Any CPU.ActiveCfg = Debug|Any CPU
		{C898DC90-4E64-413D-B239-6C7F68911EA3}.Debug|Any CPU.Build.0 = Debug|Any CPU
		{C898DC90-4E64-413D-B239-6C7F68911EA3}.Release|Any CPU.ActiveCfg = Release|Any CPU
		{C898DC90-4E64-413D-B239-6C7F68911EA3}.Release|Any CPU.Build.0 = Release|Any CPU
		{A61BA2B2-96BE-4C02-AD28-72165B5AD3CF}.Debug|Any CPU.ActiveCfg = Debug|Any CPU
		{A61BA2B2-96BE-4C02-AD28-72165B5AD3CF}.Debug|Any CPU.Build.0 = Debug|Any CPU
		{A61BA2B2-96BE-4C02-AD28-72165B5AD3CF}.Release|Any CPU.ActiveCfg = Release|Any CPU
		{A61BA2B2-96BE-4C02-AD28-72165B5AD3CF}.Release|Any CPU.Build.0 = Release|Any CPU
	EndGlobalSection
	GlobalSection(SolutionProperties) = preSolution
		HideSolutionNode = FALSE
	EndGlobalSection
	GlobalSection(ExtensibilityGlobals) = postSolution
		SolutionGuid = {105D53FE-BB84-4FBB-BA1F-B0D4B59EDDD1}
	EndGlobalSection
EndGlobal
